{
  "version": "5",
  "specifiers": {
    "npm:@js-temporal/polyfill@~0.5.1": "0.5.1"
  },
  "npm": {
    "@js-temporal/polyfill@0.5.1": {
      "integrity": "sha512-hloP58zRVCRSpgDxmqCWJNlizAlUgJFqG2ypq79DCvyv9tHjRYMDOcPFjzfl/A1/YxDvRCZz8wvZvmapQnKwFQ==",
      "dependencies": [
        "jsbi"
      ]
    },
    "jsbi@4.3.2": {
      "integrity": "sha512-9fqMSQbhJykSeii05nxKl4m6Eqn2P6rOlYiS+C5Dr/HPIU/7yZxu5qzbs40tgaFORiw2Amd0mirjxatXYMkIew=="
    }
  },
  "workspace": {
    "packageJson": {
      "dependencies": [
        "npm:@js-temporal/polyfill@~0.5.1"
      ]
    }
  }
}
