lockfileVersion: '9.0'

settings:
  autoInstallPeers: true
  excludeLinksFromLockfile: false

importers:

  .:
    dependencies:
      '@js-temporal/polyfill':
        specifier: ^0.5.1
        version: 0.5.1

packages:

  '@js-temporal/polyfill@0.5.1':
    resolution: {integrity: sha512-hloP58zRVCRSpgDxmqCWJNlizAlUgJFqG2ypq79DCvyv9tHjRYMDOcPFjzfl/A1/YxDvRCZz8wvZvmapQnKwFQ==}
    engines: {node: '>=12'}

  jsbi@4.3.2:
    resolution: {integrity: sha512-9fqMSQbhJykSeii05nxKl4m6Eqn2P6rOlYiS+C5Dr/HPIU/7yZxu5qzbs40tgaFORiw2Amd0mirjxatXYMkIew==}

snapshots:

  '@js-temporal/polyfill@0.5.1':
    dependencies:
      jsbi: 4.3.2

  jsbi@4.3.2: {}
